
Microsoft Visual Studio Solution File, Format Version 12.00
# Visual Studio 15
Project("{FAE04EC0-301F-11D3-BF4B-00C04F79EFBC}") = "Assembly-CSharp", "Assembly-CSharp.csproj", "{8D573481-0B58-6204-A3B2-4554831220F5}"
EndProject
Project("{FAE04EC0-301F-11D3-BF4B-00C04F79EFBC}") = "OEBIF", "OEBIF.csproj", "{59932C25-1A58-C259-C643-6E3C24AF67B5}"
EndProject
Project("{FAE04EC0-301F-11D3-BF4B-00C04F79EFBC}") = "Assembly-CSharp-Editor", "Assembly-CSharp-Editor.csproj", "{857C8FD8-BCF8-E41F-2409-563617814577}"
EndProject
Global
	GlobalSection(SolutionConfigurationPlatforms) = preSolution
		Debug|Any CPU = Debug|Any CPU
		Release|Any CPU = Release|Any CPU
	EndGlobalSection
	GlobalSection(ProjectConfigurationPlatforms) = postSolution
		{8D573481-0B58-6204-A3B2-4554831220F5}.Debug|Any CPU.ActiveCfg = Debug|Any CPU
		{8D573481-0B58-6204-A3B2-4554831220F5}.Debug|Any CPU.Build.0 = Debug|Any CPU
		{8D573481-0B58-6204-A3B2-4554831220F5}.Release|Any CPU.ActiveCfg = Release|Any CPU
		{8D573481-0B58-6204-A3B2-4554831220F5}.Release|Any CPU.Build.0 = Release|Any CPU
		{59932C25-1A58-C259-C643-6E3C24AF67B5}.Debug|Any CPU.ActiveCfg = Debug|Any CPU
		{59932C25-1A58-C259-C643-6E3C24AF67B5}.Debug|Any CPU.Build.0 = Debug|Any CPU
		{59932C25-1A58-C259-C643-6E3C24AF67B5}.Release|Any CPU.ActiveCfg = Release|Any CPU
		{59932C25-1A58-C259-C643-6E3C24AF67B5}.Release|Any CPU.Build.0 = Release|Any CPU
		{857C8FD8-BCF8-E41F-2409-563617814577}.Debug|Any CPU.ActiveCfg = Debug|Any CPU
		{857C8FD8-BCF8-E41F-2409-563617814577}.Debug|Any CPU.Build.0 = Debug|Any CPU
		{857C8FD8-BCF8-E41F-2409-563617814577}.Release|Any CPU.ActiveCfg = Release|Any CPU
		{857C8FD8-BCF8-E41F-2409-563617814577}.Release|Any CPU.Build.0 = Release|Any CPU
	EndGlobalSection
	GlobalSection(SolutionProperties) = preSolution
		HideSolutionNode = FALSE
	EndGlobalSection
EndGlobal
